
Microsoft Visual Studio Solution File, Format Version 12.00
# Visual Studio Version 16
VisualStudioVersion = 16.0.31515.178
MinimumVisualStudioVersion = 10.0.40219.1
Project("{9A19103F-16F7-4668-BE54-9A1E7A4F7556}") = "Eshopsolutionwebapp", "Eshopsolutionwebapp\Eshopsolutionwebapp.csproj", "{9754E5D9-BC64-40AE-80E6-B654B6132942}"
EndProject
Project("{FAE04EC0-301F-11D3-BF4B-00C04F79EFBC}") = "eshopsolution_data", "eshopsolution_data\eshopsolution_data.csproj", "{281E79A6-9435-4752-A9AE-465508B19FAE}"
EndProject
Project("{FAE04EC0-301F-11D3-BF4B-00C04F79EFBC}") = "eshopsolution_BUS", "eshopsolution_BUS\eshopsolution_BUS.csproj", "{FE95E793-E004-4431-92EF-620D759C385F}"
EndProject
Global
	GlobalSection(SolutionConfigurationPlatforms) = preSolution
		Debug|Any CPU = Debug|Any CPU
		Release|Any CPU = Release|Any CPU
	EndGlobalSection
	GlobalSection(ProjectConfigurationPlatforms) = postSolution
		{9754E5D9-BC64-40AE-80E6-B654B6132942}.Debug|Any CPU.ActiveCfg = Debug|Any CPU
		{9754E5D9-BC64-40AE-80E6-B654B6132942}.Debug|Any CPU.Build.0 = Debug|Any CPU
		{9754E5D9-BC64-40AE-80E6-B654B6132942}.Release|Any CPU.ActiveCfg = Release|Any CPU
		{9754E5D9-BC64-40AE-80E6-B654B6132942}.Release|Any CPU.Build.0 = Release|Any CPU
		{281E79A6-9435-4752-A9AE-465508B19FAE}.Debug|Any CPU.ActiveCfg = Debug|Any CPU
		{281E79A6-9435-4752-A9AE-465508B19FAE}.Debug|Any CPU.Build.0 = Debug|Any CPU
		{281E79A6-9435-4752-A9AE-465508B19FAE}.Release|Any CPU.ActiveCfg = Release|Any CPU
		{281E79A6-9435-4752-A9AE-465508B19FAE}.Release|Any CPU.Build.0 = Release|Any CPU
		{FE95E793-E004-4431-92EF-620D759C385F}.Debug|Any CPU.ActiveCfg = Debug|Any CPU
		{FE95E793-E004-4431-92EF-620D759C385F}.Debug|Any CPU.Build.0 = Debug|Any CPU
		{FE95E793-E004-4431-92EF-620D759C385F}.Release|Any CPU.ActiveCfg = Release|Any CPU
		{FE95E793-E004-4431-92EF-620D759C385F}.Release|Any CPU.Build.0 = Release|Any CPU
	EndGlobalSection
	GlobalSection(SolutionProperties) = preSolution
		HideSolutionNode = FALSE
	EndGlobalSection
	GlobalSection(ExtensibilityGlobals) = postSolution
		SolutionGuid = {2750F712-C7C7-4D68-9A27-DE945B52743F}
	EndGlobalSection
EndGlobal
